
Microsoft Visual Studio Solution File, Format Version 12.00
# Visual Studio Version 16
VisualStudioVersion = 16.0.30804.86
MinimumVisualStudioVersion = 10.0.40219.1
Project("{FAE04EC0-301F-11D3-BF4B-00C04F79EFBC}") = "03", "03\03.csproj", "{C52A8D3B-A88C-4A17-9FF0-93C0B02BD67E}"
EndProject
Global
	GlobalSection(SolutionConfigurationPlatforms) = preSolution
		Debug|Any CPU = Debug|Any CPU
		Release|Any CPU = Release|Any CPU
	EndGlobalSection
	GlobalSection(ProjectConfigurationPlatforms) = postSolution
		{C52A8D3B-A88C-4A17-9FF0-93C0B02BD67E}.Debug|Any CPU.ActiveCfg = Debug|Any CPU
		{C52A8D3B-A88C-4A17-9FF0-93C0B02BD67E}.Debug|Any CPU.Build.0 = Debug|Any CPU
		{C52A8D3B-A88C-4A17-9FF0-93C0B02BD67E}.Release|Any CPU.ActiveCfg = Release|Any CPU
		{C52A8D3B-A88C-4A17-9FF0-93C0B02BD67E}.Release|Any CPU.Build.0 = Release|Any CPU
	EndGlobalSection
	GlobalSection(SolutionProperties) = preSolution
		HideSolutionNode = FALSE
	EndGlobalSection
	GlobalSection(ExtensibilityGlobals) = postSolution
		SolutionGuid = {82787E08-9643-4950-A619-F54902015A35}
	EndGlobalSection
EndGlobal
